
Microsoft Visual Studio Solution File, Format Version 12.00
# Visual Studio Version 17
VisualStudioVersion = 17.5.002.0
MinimumVisualStudioVersion = 10.0.40219.1
Project("{9A19103F-16F7-4668-BE54-9A1E7A4F7556}") = "ObserverPattern", "ObserverPattern.csproj", "{6ED71892-0FF5-42EB-B9B4-A20937A933E2}"
EndProject
Global
	GlobalSection(SolutionConfigurationPlatforms) = preSolution
		Debug|Any CPU = Debug|Any CPU
		Release|Any CPU = Release|Any CPU
	EndGlobalSection
	GlobalSection(ProjectConfigurationPlatforms) = postSolution
		{6ED71892-0FF5-42EB-B9B4-A20937A933E2}.Debug|Any CPU.ActiveCfg = Debug|Any CPU
		{6ED71892-0FF5-42EB-B9B4-A20937A933E2}.Debug|Any CPU.Build.0 = Debug|Any CPU
		{6ED71892-0FF5-42EB-B9B4-A20937A933E2}.Release|Any CPU.ActiveCfg = Release|Any CPU
		{6ED71892-0FF5-42EB-B9B4-A20937A933E2}.Release|Any CPU.Build.0 = Release|Any CPU
	EndGlobalSection
	GlobalSection(SolutionProperties) = preSolution
		HideSolutionNode = FALSE
	EndGlobalSection
	GlobalSection(ExtensibilityGlobals) = postSolution
		SolutionGuid = {F134D549-D0FA-4910-A537-5B72A6068458}
	EndGlobalSection
EndGlobal
